
Microsoft Visual Studio Solution File, Format Version 12.00
# Visual Studio Version 17
VisualStudioVersion = 17.7.34024.191
MinimumVisualStudioVersion = 10.0.40219.1
Project("{FAE04EC0-301F-11D3-BF4B-00C04F79EFBC}") = "AnimalRefugeFinal", "AnimalRefugeFinal\AnimalRefugeFinal.csproj", "{2A23C22D-C5F7-4081-B6B0-7E905CC9CC26}"
EndProject
Global
	GlobalSection(SolutionConfigurationPlatforms) = preSolution
		Debug|Any CPU = Debug|Any CPU
		Release|Any CPU = Release|Any CPU
	EndGlobalSection
	GlobalSection(ProjectConfigurationPlatforms) = postSolution
		{2A23C22D-C5F7-4081-B6B0-7E905CC9CC26}.Debug|Any CPU.ActiveCfg = Debug|Any CPU
		{2A23C22D-C5F7-4081-B6B0-7E905CC9CC26}.Debug|Any CPU.Build.0 = Debug|Any CPU
		{2A23C22D-C5F7-4081-B6B0-7E905CC9CC26}.Release|Any CPU.ActiveCfg = Release|Any CPU
		{2A23C22D-C5F7-4081-B6B0-7E905CC9CC26}.Release|Any CPU.Build.0 = Release|Any CPU
	EndGlobalSection
	GlobalSection(SolutionProperties) = preSolution
		HideSolutionNode = FALSE
	EndGlobalSection
	GlobalSection(ExtensibilityGlobals) = postSolution
		SolutionGuid = {ED877144-4F34-401F-B150-8403CF80A884}
	EndGlobalSection
EndGlobal
